
Microsoft Visual Studio Solution File, Format Version 12.00
# Visual Studio Version 16
VisualStudioVersion = 16.0.29519.181
MinimumVisualStudioVersion = 10.0.40219.1
Project("{9A19103F-16F7-4668-BE54-9A1E7A4F7556}") = "EasyNetwork.Test", "EasyNetwork.Test\EasyNetwork.Test.csproj", "{C9F419E0-8B23-4356-B091-96A6113E1391}"
EndProject
Project("{9A19103F-16F7-4668-BE54-9A1E7A4F7556}") = "EasyNetwork", "EasyNetwork\EasyNetwork.csproj", "{96B65ED4-C920-4761-A7C6-1BFA6318A6DB}"
EndProject
Project("{9A19103F-16F7-4668-BE54-9A1E7A4F7556}") = "EasyNetwork.Sample", "EasyNetwork.Sample\EasyNetwork.Sample.csproj", "{1592D5C9-2CCF-41FB-AE97-43C088BE4257}"
EndProject
Project("{2150E333-8FDC-42A3-9474-1A3956D46DE8}") = "Samples", "Samples", "{47DDC513-91FD-447A-8528-622F42E87B9C}"
EndProject
Project("{9A19103F-16F7-4668-BE54-9A1E7A4F7556}") = "ChatServer", "Samples\Chat\SampleServer\ChatServer.csproj", "{E2256BCE-C524-4A7D-8798-F9D5EB19C13A}"
EndProject
Project("{9A19103F-16F7-4668-BE54-9A1E7A4F7556}") = "ChatClient", "Samples\Chat\SampleClient\ChatClient.csproj", "{5E619948-CB8B-4F0C-AE36-6A1DB705EC2A}"
EndProject
Project("{9A19103F-16F7-4668-BE54-9A1E7A4F7556}") = "ChatEntities", "Samples\Chat\NetworkEntities\ChatEntities.csproj", "{D82179A9-041A-467B-8494-4024A2591009}"
EndProject
Project("{2150E333-8FDC-42A3-9474-1A3956D46DE8}") = "Chat", "Chat", "{2D2194E5-D726-40EC-80A6-AF80D8797AC6}"
EndProject
Project("{2150E333-8FDC-42A3-9474-1A3956D46DE8}") = "TicTacToe", "TicTacToe", "{BDC2B1FA-AF4C-4A22-88C4-A9E9FF06FDA8}"
EndProject
Project("{FAE04EC0-301F-11D3-BF4B-00C04F79EFBC}") = "TicTacToeServer", "Samples\TicTacToe\TicTacToeServer\TicTacToeServer.csproj", "{E9766672-2246-4696-BD2A-CBB9259CB8A3}"
EndProject
Project("{FAE04EC0-301F-11D3-BF4B-00C04F79EFBC}") = "TicTacToeClient", "Samples\TicTacToe\TicTacToeClient\TicTacToeClient.csproj", "{32B96810-63CE-4A3A-BC87-256E2DA795A0}"
EndProject
Project("{FAE04EC0-301F-11D3-BF4B-00C04F79EFBC}") = "TicTacToeEntities", "Samples\TicTacToe\TicTacToeEntities\TicTacToeEntities.csproj", "{9795FA65-161B-4D9E-A1C7-39F540DD8D6D}"
EndProject
Global
	GlobalSection(SolutionConfigurationPlatforms) = preSolution
		Debug|Any CPU = Debug|Any CPU
		Release|Any CPU = Release|Any CPU
	EndGlobalSection
	GlobalSection(ProjectConfigurationPlatforms) = postSolution
		{C9F419E0-8B23-4356-B091-96A6113E1391}.Debug|Any CPU.ActiveCfg = Debug|Any CPU
		{C9F419E0-8B23-4356-B091-96A6113E1391}.Debug|Any CPU.Build.0 = Debug|Any CPU
		{C9F419E0-8B23-4356-B091-96A6113E1391}.Release|Any CPU.ActiveCfg = Release|Any CPU
		{C9F419E0-8B23-4356-B091-96A6113E1391}.Release|Any CPU.Build.0 = Release|Any CPU
		{96B65ED4-C920-4761-A7C6-1BFA6318A6DB}.Debug|Any CPU.ActiveCfg = Debug|Any CPU
		{96B65ED4-C920-4761-A7C6-1BFA6318A6DB}.Debug|Any CPU.Build.0 = Debug|Any CPU
		{96B65ED4-C920-4761-A7C6-1BFA6318A6DB}.Release|Any CPU.ActiveCfg = Release|Any CPU
		{96B65ED4-C920-4761-A7C6-1BFA6318A6DB}.Release|Any CPU.Build.0 = Release|Any CPU
		{1592D5C9-2CCF-41FB-AE97-43C088BE4257}.Debug|Any CPU.ActiveCfg = Debug|Any CPU
		{1592D5C9-2CCF-41FB-AE97-43C088BE4257}.Debug|Any CPU.Build.0 = Debug|Any CPU
		{1592D5C9-2CCF-41FB-AE97-43C088BE4257}.Release|Any CPU.ActiveCfg = Release|Any CPU
		{1592D5C9-2CCF-41FB-AE97-43C088BE4257}.Release|Any CPU.Build.0 = Release|Any CPU
		{E2256BCE-C524-4A7D-8798-F9D5EB19C13A}.Debug|Any CPU.ActiveCfg = Debug|Any CPU
		{E2256BCE-C524-4A7D-8798-F9D5EB19C13A}.Debug|Any CPU.Build.0 = Debug|Any CPU
		{E2256BCE-C524-4A7D-8798-F9D5EB19C13A}.Release|Any CPU.ActiveCfg = Release|Any CPU
		{E2256BCE-C524-4A7D-8798-F9D5EB19C13A}.Release|Any CPU.Build.0 = Release|Any CPU
		{5E619948-CB8B-4F0C-AE36-6A1DB705EC2A}.Debug|Any CPU.ActiveCfg = Debug|Any CPU
		{5E619948-CB8B-4F0C-AE36-6A1DB705EC2A}.Debug|Any CPU.Build.0 = Debug|Any CPU
		{5E619948-CB8B-4F0C-AE36-6A1DB705EC2A}.Release|Any CPU.ActiveCfg = Release|Any CPU
		{5E619948-CB8B-4F0C-AE36-6A1DB705EC2A}.Release|Any CPU.Build.0 = Release|Any CPU
		{D82179A9-041A-467B-8494-4024A2591009}.Debug|Any CPU.ActiveCfg = Debug|Any CPU
		{D82179A9-041A-467B-8494-4024A2591009}.Debug|Any CPU.Build.0 = Debug|Any CPU
		{D82179A9-041A-467B-8494-4024A2591009}.Release|Any CPU.ActiveCfg = Release|Any CPU
		{D82179A9-041A-467B-8494-4024A2591009}.Release|Any CPU.Build.0 = Release|Any CPU
		{E9766672-2246-4696-BD2A-CBB9259CB8A3}.Debug|Any CPU.ActiveCfg = Debug|Any CPU
		{E9766672-2246-4696-BD2A-CBB9259CB8A3}.Debug|Any CPU.Build.0 = Debug|Any CPU
		{E9766672-2246-4696-BD2A-CBB9259CB8A3}.Release|Any CPU.ActiveCfg = Release|Any CPU
		{E9766672-2246-4696-BD2A-CBB9259CB8A3}.Release|Any CPU.Build.0 = Release|Any CPU
		{32B96810-63CE-4A3A-BC87-256E2DA795A0}.Debug|Any CPU.ActiveCfg = Debug|Any CPU
		{32B96810-63CE-4A3A-BC87-256E2DA795A0}.Debug|Any CPU.Build.0 = Debug|Any CPU
		{32B96810-63CE-4A3A-BC87-256E2DA795A0}.Release|Any CPU.ActiveCfg = Release|Any CPU
		{32B96810-63CE-4A3A-BC87-256E2DA795A0}.Release|Any CPU.Build.0 = Release|Any CPU
		{9795FA65-161B-4D9E-A1C7-39F540DD8D6D}.Debug|Any CPU.ActiveCfg = Debug|Any CPU
		{9795FA65-161B-4D9E-A1C7-39F540DD8D6D}.Debug|Any CPU.Build.0 = Debug|Any CPU
		{9795FA65-161B-4D9E-A1C7-39F540DD8D6D}.Release|Any CPU.ActiveCfg = Release|Any CPU
		{9795FA65-161B-4D9E-A1C7-39F540DD8D6D}.Release|Any CPU.Build.0 = Release|Any CPU
	EndGlobalSection
	GlobalSection(SolutionProperties) = preSolution
		HideSolutionNode = FALSE
	EndGlobalSection
	GlobalSection(NestedProjects) = preSolution
		{E2256BCE-C524-4A7D-8798-F9D5EB19C13A} = {2D2194E5-D726-40EC-80A6-AF80D8797AC6}
		{5E619948-CB8B-4F0C-AE36-6A1DB705EC2A} = {2D2194E5-D726-40EC-80A6-AF80D8797AC6}
		{D82179A9-041A-467B-8494-4024A2591009} = {2D2194E5-D726-40EC-80A6-AF80D8797AC6}
		{2D2194E5-D726-40EC-80A6-AF80D8797AC6} = {47DDC513-91FD-447A-8528-622F42E87B9C}
		{BDC2B1FA-AF4C-4A22-88C4-A9E9FF06FDA8} = {47DDC513-91FD-447A-8528-622F42E87B9C}
		{E9766672-2246-4696-BD2A-CBB9259CB8A3} = {BDC2B1FA-AF4C-4A22-88C4-A9E9FF06FDA8}
		{32B96810-63CE-4A3A-BC87-256E2DA795A0} = {BDC2B1FA-AF4C-4A22-88C4-A9E9FF06FDA8}
		{9795FA65-161B-4D9E-A1C7-39F540DD8D6D} = {BDC2B1FA-AF4C-4A22-88C4-A9E9FF06FDA8}
	EndGlobalSection
	GlobalSection(ExtensibilityGlobals) = postSolution
		SolutionGuid = {1DFD8EA1-4363-40AD-8989-6A7D635316B3}
	EndGlobalSection
EndGlobal
